// !$*UTF8*$!
{
	archiveVersion = 1;
	classes = {
	};
	objectVersion = 56;
	objects = {

/* Begin PBXBuildFile section */
		2A048E7B2C9BDF5F00FFD485 /* SOMLocationFilter.swift in Sources */ = {isa = PBXBuildFile; fileRef = 2A048E7A2C9BDF5F00FFD485 /* SOMLocationFilter.swift */; };
		2A048E7C2C9BDF5F00FFD485 /* SOMLocationFilter.swift in Sources */ = {isa = PBXBuildFile; fileRef = 2A048E7A2C9BDF5F00FFD485 /* SOMLocationFilter.swift */; };
		2A048E842C9BE01300FFD485 /* SOMLocationFilterCollectionViewCell.swift in Sources */ = {isa = PBXBuildFile; fileRef = 2A048E832C9BE01300FFD485 /* SOMLocationFilterCollectionViewCell.swift */; };
		2A048E852C9BE01300FFD485 /* SOMLocationFilterCollectionViewCell.swift in Sources */ = {isa = PBXBuildFile; fileRef = 2A048E832C9BE01300FFD485 /* SOMLocationFilterCollectionViewCell.swift */; };
		3836ACB42C8F045300A3C566 /* Typography.swift in Sources */ = {isa = PBXBuildFile; fileRef = 3836ACB32C8F045300A3C566 /* Typography.swift */; };
		3836ACB52C8F045300A3C566 /* Typography.swift in Sources */ = {isa = PBXBuildFile; fileRef = 3836ACB32C8F045300A3C566 /* Typography.swift */; };
		3836ACB72C8F04CD00A3C566 /* UILabel+Observer.swift in Sources */ = {isa = PBXBuildFile; fileRef = 3836ACB62C8F04CD00A3C566 /* UILabel+Observer.swift */; };
		3836ACB82C8F04CD00A3C566 /* UILabel+Observer.swift in Sources */ = {isa = PBXBuildFile; fileRef = 3836ACB62C8F04CD00A3C566 /* UILabel+Observer.swift */; };
		3836ACBA2C8F050D00A3C566 /* UILabel+Typography.swift in Sources */ = {isa = PBXBuildFile; fileRef = 3836ACB92C8F050D00A3C566 /* UILabel+Typography.swift */; };
		3836ACBB2C8F050D00A3C566 /* UILabel+Typography.swift in Sources */ = {isa = PBXBuildFile; fileRef = 3836ACB92C8F050D00A3C566 /* UILabel+Typography.swift */; };
		385053522C92DBE200C80B02 /* SOMTabBarItem.swift in Sources */ = {isa = PBXBuildFile; fileRef = 385053512C92DBE200C80B02 /* SOMTabBarItem.swift */; };
		385053532C92DBE200C80B02 /* SOMTabBarItem.swift in Sources */ = {isa = PBXBuildFile; fileRef = 385053512C92DBE200C80B02 /* SOMTabBarItem.swift */; };
		385053552C92DCF900C80B02 /* SOMTabBar.swift in Sources */ = {isa = PBXBuildFile; fileRef = 385053542C92DCF900C80B02 /* SOMTabBar.swift */; };
		385053562C92DCF900C80B02 /* SOMTabBar.swift in Sources */ = {isa = PBXBuildFile; fileRef = 385053542C92DCF900C80B02 /* SOMTabBar.swift */; };
		385053582C92DD2300C80B02 /* SOMTabBarController.swift in Sources */ = {isa = PBXBuildFile; fileRef = 385053572C92DD2300C80B02 /* SOMTabBarController.swift */; };
		385053592C92DD2300C80B02 /* SOMTabBarController.swift in Sources */ = {isa = PBXBuildFile; fileRef = 385053572C92DD2300C80B02 /* SOMTabBarController.swift */; };
		385441912C870544004E2BB0 /* AppDelegate.swift in Sources */ = {isa = PBXBuildFile; fileRef = 387FBAEF2C8702C100A5E139 /* AppDelegate.swift */; };
		385441922C870544004E2BB0 /* SceneDelegate.swift in Sources */ = {isa = PBXBuildFile; fileRef = 387FBAF12C8702C100A5E139 /* SceneDelegate.swift */; };
		385441952C870544004E2BB0 /* Assets.xcassets in Resources */ = {isa = PBXBuildFile; fileRef = 387FBAF82C8702C200A5E139 /* Assets.xcassets */; };
		385441962C870544004E2BB0 /* Base in Resources */ = {isa = PBXBuildFile; fileRef = 387FBAFB2C8702C200A5E139 /* Base */; };
		387FBAF02C8702C100A5E139 /* AppDelegate.swift in Sources */ = {isa = PBXBuildFile; fileRef = 387FBAEF2C8702C100A5E139 /* AppDelegate.swift */; };
		387FBAF22C8702C100A5E139 /* SceneDelegate.swift in Sources */ = {isa = PBXBuildFile; fileRef = 387FBAF12C8702C100A5E139 /* SceneDelegate.swift */; };
		387FBAF92C8702C200A5E139 /* Assets.xcassets in Resources */ = {isa = PBXBuildFile; fileRef = 387FBAF82C8702C200A5E139 /* Assets.xcassets */; };
		387FBAFC2C8702C200A5E139 /* Base in Resources */ = {isa = PBXBuildFile; fileRef = 387FBAFB2C8702C200A5E139 /* Base */; };
		388371F92C8C8EB1004212EB /* SooumStyle.swift in Sources */ = {isa = PBXBuildFile; fileRef = 388371F82C8C8EB1004212EB /* SooumStyle.swift */; };
		388371FA2C8C8EB1004212EB /* SooumStyle.swift in Sources */ = {isa = PBXBuildFile; fileRef = 388371F82C8C8EB1004212EB /* SooumStyle.swift */; };
		388371FC2C8C8F11004212EB /* UIColor+SOOUM.swift in Sources */ = {isa = PBXBuildFile; fileRef = 388371FB2C8C8F11004212EB /* UIColor+SOOUM.swift */; };
		388371FD2C8C8F11004212EB /* UIColor+SOOUM.swift in Sources */ = {isa = PBXBuildFile; fileRef = 388371FB2C8C8F11004212EB /* UIColor+SOOUM.swift */; };
		388372012C8C8FCF004212EB /* UIColor.swift in Sources */ = {isa = PBXBuildFile; fileRef = 388372002C8C8FCF004212EB /* UIColor.swift */; };
		388372022C8C8FCF004212EB /* UIColor.swift in Sources */ = {isa = PBXBuildFile; fileRef = 388372002C8C8FCF004212EB /* UIColor.swift */; };
		388DA0FB2C8F521000A9DD56 /* FontContainer.swift in Sources */ = {isa = PBXBuildFile; fileRef = 388DA0FA2C8F521000A9DD56 /* FontContainer.swift */; };
		388DA0FC2C8F521300A9DD56 /* FontContainer.swift in Sources */ = {isa = PBXBuildFile; fileRef = 388DA0FA2C8F521000A9DD56 /* FontContainer.swift */; };
		388DA0FE2C8F526C00A9DD56 /* UIFont.swift in Sources */ = {isa = PBXBuildFile; fileRef = 388DA0FD2C8F526C00A9DD56 /* UIFont.swift */; };
		388DA0FF2C8F526C00A9DD56 /* UIFont.swift in Sources */ = {isa = PBXBuildFile; fileRef = 388DA0FD2C8F526C00A9DD56 /* UIFont.swift */; };
		388DA1012C8F538400A9DD56 /* PretendardVariable.ttf in Resources */ = {isa = PBXBuildFile; fileRef = 388DA1002C8F538400A9DD56 /* PretendardVariable.ttf */; };
		388DA1022C8F538400A9DD56 /* PretendardVariable.ttf in Resources */ = {isa = PBXBuildFile; fileRef = 388DA1002C8F538400A9DD56 /* PretendardVariable.ttf */; };
		388DA1042C8F545E00A9DD56 /* Typography+SOOUM.swift in Sources */ = {isa = PBXBuildFile; fileRef = 388DA1032C8F545E00A9DD56 /* Typography+SOOUM.swift */; };
		388DA1052C8F545E00A9DD56 /* Typography+SOOUM.swift in Sources */ = {isa = PBXBuildFile; fileRef = 388DA1032C8F545E00A9DD56 /* Typography+SOOUM.swift */; };
		38A5D1542C8CB11E00B68363 /* UIImage+SOOUM.swift in Sources */ = {isa = PBXBuildFile; fileRef = 38A5D1532C8CB11E00B68363 /* UIImage+SOOUM.swift */; };
		38A5D1552C8CB12300B68363 /* UIImage+SOOUM.swift in Sources */ = {isa = PBXBuildFile; fileRef = 38A5D1532C8CB11E00B68363 /* UIImage+SOOUM.swift */; };
		38CE94BF2C904D460004B238 /* SOMNavigationBar.swift in Sources */ = {isa = PBXBuildFile; fileRef = 38CE94BE2C904D460004B238 /* SOMNavigationBar.swift */; };
		38CE94C02C904D460004B238 /* SOMNavigationBar.swift in Sources */ = {isa = PBXBuildFile; fileRef = 38CE94BE2C904D460004B238 /* SOMNavigationBar.swift */; };
		38CE94C42C904E4A0004B238 /* SnapKit in Frameworks */ = {isa = PBXBuildFile; productRef = 38CE94C32C904E4A0004B238 /* SnapKit */; };
		38CE94C62C904E5E0004B238 /* SnapKit in Frameworks */ = {isa = PBXBuildFile; productRef = 38CE94C52C904E5E0004B238 /* SnapKit */; };
		38CE94C92C904E940004B238 /* Then in Frameworks */ = {isa = PBXBuildFile; productRef = 38CE94C82C904E940004B238 /* Then */; };
		38CE94CB2C904E990004B238 /* Then in Frameworks */ = {isa = PBXBuildFile; productRef = 38CE94CA2C904E990004B238 /* Then */; };
		38ED2AB42C985AB400920B53 /* SOMHomeTabBar.swift in Sources */ = {isa = PBXBuildFile; fileRef = 38ED2AB12C985AB400920B53 /* SOMHomeTabBar.swift */; };
		38ED2AB52C985AB400920B53 /* SOMHomeTabBar.swift in Sources */ = {isa = PBXBuildFile; fileRef = 38ED2AB12C985AB400920B53 /* SOMHomeTabBar.swift */; };
		38ED2AB62C985AB400920B53 /* SOMHomeTabBarItem.swift in Sources */ = {isa = PBXBuildFile; fileRef = 38ED2AB22C985AB400920B53 /* SOMHomeTabBarItem.swift */; };
		38ED2AB72C985AB400920B53 /* SOMHomeTabBarItem.swift in Sources */ = {isa = PBXBuildFile; fileRef = 38ED2AB22C985AB400920B53 /* SOMHomeTabBarItem.swift */; };
		38FDC2B62C9E746B00C094C2 /* BaseViewController.swift in Sources */ = {isa = PBXBuildFile; fileRef = 38FDC2B52C9E746B00C094C2 /* BaseViewController.swift */; };
		38FDC2B72C9E746B00C094C2 /* BaseViewController.swift in Sources */ = {isa = PBXBuildFile; fileRef = 38FDC2B52C9E746B00C094C2 /* BaseViewController.swift */; };
		38FDC2BB2C9E74AD00C094C2 /* RxCocoa in Frameworks */ = {isa = PBXBuildFile; productRef = 38FDC2BA2C9E74AD00C094C2 /* RxCocoa */; };
		38FDC2BD2C9E74AD00C094C2 /* RxSwift in Frameworks */ = {isa = PBXBuildFile; productRef = 38FDC2BC2C9E74AD00C094C2 /* RxSwift */; };
		38FDC2BF2C9E74AD00C094C2 /* RxKeyboard in Frameworks */ = {isa = PBXBuildFile; productRef = 38FDC2BE2C9E74AD00C094C2 /* RxKeyboard */; };
		38FDC2C12C9E74B700C094C2 /* RxCocoa in Frameworks */ = {isa = PBXBuildFile; productRef = 38FDC2C02C9E74B700C094C2 /* RxCocoa */; };
		38FDC2C32C9E74B700C094C2 /* RxSwift in Frameworks */ = {isa = PBXBuildFile; productRef = 38FDC2C22C9E74B700C094C2 /* RxSwift */; };
		38FDC2C52C9E74B700C094C2 /* RxKeyboard in Frameworks */ = {isa = PBXBuildFile; productRef = 38FDC2C42C9E74B700C094C2 /* RxKeyboard */; };
		38FDC2C72C9E764300C094C2 /* BaseNavigationViewController.swift in Sources */ = {isa = PBXBuildFile; fileRef = 38FDC2C62C9E764300C094C2 /* BaseNavigationViewController.swift */; };
		38FDC2C82C9E764300C094C2 /* BaseNavigationViewController.swift in Sources */ = {isa = PBXBuildFile; fileRef = 38FDC2C62C9E764300C094C2 /* BaseNavigationViewController.swift */; };
/* End PBXBuildFile section */

/* Begin PBXFileReference section */
		2A048E7A2C9BDF5F00FFD485 /* SOMLocationFilter.swift */ = {isa = PBXFileReference; lastKnownFileType = sourcecode.swift; path = SOMLocationFilter.swift; sourceTree = "<group>"; };
		2A048E832C9BE01300FFD485 /* SOMLocationFilterCollectionViewCell.swift */ = {isa = PBXFileReference; lastKnownFileType = sourcecode.swift; path = SOMLocationFilterCollectionViewCell.swift; sourceTree = "<group>"; };
		3836ACB32C8F045300A3C566 /* Typography.swift */ = {isa = PBXFileReference; lastKnownFileType = sourcecode.swift; path = Typography.swift; sourceTree = "<group>"; };
		3836ACB62C8F04CD00A3C566 /* UILabel+Observer.swift */ = {isa = PBXFileReference; lastKnownFileType = sourcecode.swift; path = "UILabel+Observer.swift"; sourceTree = "<group>"; };
		3836ACB92C8F050D00A3C566 /* UILabel+Typography.swift */ = {isa = PBXFileReference; lastKnownFileType = sourcecode.swift; path = "UILabel+Typography.swift"; sourceTree = "<group>"; };
		385053512C92DBE200C80B02 /* SOMTabBarItem.swift */ = {isa = PBXFileReference; lastKnownFileType = sourcecode.swift; path = SOMTabBarItem.swift; sourceTree = "<group>"; };
		385053542C92DCF900C80B02 /* SOMTabBar.swift */ = {isa = PBXFileReference; lastKnownFileType = sourcecode.swift; path = SOMTabBar.swift; sourceTree = "<group>"; };
		385053572C92DD2300C80B02 /* SOMTabBarController.swift */ = {isa = PBXFileReference; lastKnownFileType = sourcecode.swift; path = SOMTabBarController.swift; sourceTree = "<group>"; };
		3854419A2C870544004E2BB0 /* SOOUM-Dev.app */ = {isa = PBXFileReference; explicitFileType = wrapper.application; includeInIndex = 0; path = "SOOUM-Dev.app"; sourceTree = BUILT_PRODUCTS_DIR; };
		387FBAEC2C8702C100A5E139 /* SOOUM.app */ = {isa = PBXFileReference; explicitFileType = wrapper.application; includeInIndex = 0; path = SOOUM.app; sourceTree = BUILT_PRODUCTS_DIR; };
		387FBAEF2C8702C100A5E139 /* AppDelegate.swift */ = {isa = PBXFileReference; lastKnownFileType = sourcecode.swift; path = AppDelegate.swift; sourceTree = "<group>"; };
		387FBAF12C8702C100A5E139 /* SceneDelegate.swift */ = {isa = PBXFileReference; lastKnownFileType = sourcecode.swift; path = SceneDelegate.swift; sourceTree = "<group>"; };
		387FBAF82C8702C200A5E139 /* Assets.xcassets */ = {isa = PBXFileReference; lastKnownFileType = folder.assetcatalog; path = Assets.xcassets; sourceTree = "<group>"; };
		387FBAFB2C8702C200A5E139 /* Base */ = {isa = PBXFileReference; lastKnownFileType = file.storyboard; name = Base; path = Base.lproj/LaunchScreen.storyboard; sourceTree = "<group>"; };
		387FBAFD2C8702C200A5E139 /* Info-prod.plist */ = {isa = PBXFileReference; lastKnownFileType = text.plist.xml; path = "Info-prod.plist"; sourceTree = "<group>"; };
		388371F82C8C8EB1004212EB /* SooumStyle.swift */ = {isa = PBXFileReference; lastKnownFileType = sourcecode.swift; path = SooumStyle.swift; sourceTree = "<group>"; };
		388371FB2C8C8F11004212EB /* UIColor+SOOUM.swift */ = {isa = PBXFileReference; lastKnownFileType = sourcecode.swift; path = "UIColor+SOOUM.swift"; sourceTree = "<group>"; };
		388372002C8C8FCF004212EB /* UIColor.swift */ = {isa = PBXFileReference; lastKnownFileType = sourcecode.swift; path = UIColor.swift; sourceTree = "<group>"; };
		388DA0FA2C8F521000A9DD56 /* FontContainer.swift */ = {isa = PBXFileReference; lastKnownFileType = sourcecode.swift; path = FontContainer.swift; sourceTree = "<group>"; };
		388DA0FD2C8F526C00A9DD56 /* UIFont.swift */ = {isa = PBXFileReference; lastKnownFileType = sourcecode.swift; path = UIFont.swift; sourceTree = "<group>"; };
		388DA1002C8F538400A9DD56 /* PretendardVariable.ttf */ = {isa = PBXFileReference; lastKnownFileType = file; path = PretendardVariable.ttf; sourceTree = "<group>"; };
		388DA1032C8F545E00A9DD56 /* Typography+SOOUM.swift */ = {isa = PBXFileReference; lastKnownFileType = sourcecode.swift; path = "Typography+SOOUM.swift"; sourceTree = "<group>"; };
		388DCC382C8707C200DC5329 /* Info-dev.plist */ = {isa = PBXFileReference; fileEncoding = 4; lastKnownFileType = text.plist.xml; path = "Info-dev.plist"; sourceTree = "<group>"; };
		38A5D1532C8CB11E00B68363 /* UIImage+SOOUM.swift */ = {isa = PBXFileReference; lastKnownFileType = sourcecode.swift; path = "UIImage+SOOUM.swift"; sourceTree = "<group>"; };
		38CE94BE2C904D460004B238 /* SOMNavigationBar.swift */ = {isa = PBXFileReference; lastKnownFileType = sourcecode.swift; path = SOMNavigationBar.swift; sourceTree = "<group>"; };
		38ED2AB12C985AB400920B53 /* SOMHomeTabBar.swift */ = {isa = PBXFileReference; fileEncoding = 4; lastKnownFileType = sourcecode.swift; path = SOMHomeTabBar.swift; sourceTree = "<group>"; };
		38ED2AB22C985AB400920B53 /* SOMHomeTabBarItem.swift */ = {isa = PBXFileReference; fileEncoding = 4; lastKnownFileType = sourcecode.swift; path = SOMHomeTabBarItem.swift; sourceTree = "<group>"; };
		38FDC2B52C9E746B00C094C2 /* BaseViewController.swift */ = {isa = PBXFileReference; lastKnownFileType = sourcecode.swift; path = BaseViewController.swift; sourceTree = "<group>"; };
		38FDC2C62C9E764300C094C2 /* BaseNavigationViewController.swift */ = {isa = PBXFileReference; lastKnownFileType = sourcecode.swift; path = BaseNavigationViewController.swift; sourceTree = "<group>"; };
/* End PBXFileReference section */

/* Begin PBXFrameworksBuildPhase section */
		385441932C870544004E2BB0 /* Frameworks */ = {
			isa = PBXFrameworksBuildPhase;
			buildActionMask = 2147483647;
			files = (
				38FDC2C12C9E74B700C094C2 /* RxCocoa in Frameworks */,
				38CE94C42C904E4A0004B238 /* SnapKit in Frameworks */,
				38FDC2C32C9E74B700C094C2 /* RxSwift in Frameworks */,
				38CE94CB2C904E990004B238 /* Then in Frameworks */,
				38FDC2C52C9E74B700C094C2 /* RxKeyboard in Frameworks */,
			);
			runOnlyForDeploymentPostprocessing = 0;
		};
		387FBAE92C8702C100A5E139 /* Frameworks */ = {
			isa = PBXFrameworksBuildPhase;
			buildActionMask = 2147483647;
			files = (
				38FDC2BB2C9E74AD00C094C2 /* RxCocoa in Frameworks */,
				38CE94C62C904E5E0004B238 /* SnapKit in Frameworks */,
				38FDC2BD2C9E74AD00C094C2 /* RxSwift in Frameworks */,
				38CE94C92C904E940004B238 /* Then in Frameworks */,
				38FDC2BF2C9E74AD00C094C2 /* RxKeyboard in Frameworks */,
			);
			runOnlyForDeploymentPostprocessing = 0;
		};
/* End PBXFrameworksBuildPhase section */

/* Begin PBXGroup section */
		2A048E792C9BDF1000FFD485 /* SOMLocationFilter */ = {
			isa = PBXGroup;
			children = (
				2A048E7A2C9BDF5F00FFD485 /* SOMLocationFilter.swift */,
				2A048E832C9BE01300FFD485 /* SOMLocationFilterCollectionViewCell.swift */,
			);
			path = SOMLocationFilter;
			sourceTree = "<group>";
		};
		3836ACB12C8F042C00A3C566 /* Utilities */ = {
			isa = PBXGroup;
			children = (
				3836ACB22C8F043500A3C566 /* Typography */,
			);
			path = Utilities;
			sourceTree = "<group>";
		};
		3836ACB22C8F043500A3C566 /* Typography */ = {
			isa = PBXGroup;
			children = (
				3836ACB32C8F045300A3C566 /* Typography.swift */,
				388DA0FA2C8F521000A9DD56 /* FontContainer.swift */,
				3836ACB62C8F04CD00A3C566 /* UILabel+Observer.swift */,
				3836ACB92C8F050D00A3C566 /* UILabel+Typography.swift */,
			);
			path = Typography;
			sourceTree = "<group>";
		};
		385053502C92DBCA00C80B02 /* SOMTabBarController */ = {
			isa = PBXGroup;
			children = (
				385053512C92DBE200C80B02 /* SOMTabBarItem.swift */,
				385053542C92DCF900C80B02 /* SOMTabBar.swift */,
				385053572C92DD2300C80B02 /* SOMTabBarController.swift */,
			);
			path = SOMTabBarController;
			sourceTree = "<group>";
		};
		387FBAE32C8702C100A5E139 = {
			isa = PBXGroup;
			children = (
				387FBAEE2C8702C100A5E139 /* SOOUM */,
				387FBAED2C8702C100A5E139 /* Products */,
				38CE94C22C904E4A0004B238 /* Frameworks */,
			);
			sourceTree = "<group>";
		};
		387FBAED2C8702C100A5E139 /* Products */ = {
			isa = PBXGroup;
			children = (
				387FBAEC2C8702C100A5E139 /* SOOUM.app */,
				3854419A2C870544004E2BB0 /* SOOUM-Dev.app */,
			);
			name = Products;
			sourceTree = "<group>";
		};
		387FBAEE2C8702C100A5E139 /* SOOUM */ = {
			isa = PBXGroup;
			children = (
				388371F62C8C8E7F004212EB /* DesignSystem */,
				387FBB032C87036D00A5E139 /* App */,
				38FDC2B42C9E745B00C094C2 /* Base */,
				388371FE2C8C8FAC004212EB /* Extensions */,
				3836ACB12C8F042C00A3C566 /* Utilities */,
				387FBB052C87038F00A5E139 /* Resources */,
			);
			path = SOOUM;
			sourceTree = "<group>";
		};
		387FBB032C87036D00A5E139 /* App */ = {
			isa = PBXGroup;
			children = (
				387FBAEF2C8702C100A5E139 /* AppDelegate.swift */,
				387FBAF12C8702C100A5E139 /* SceneDelegate.swift */,
			);
			path = App;
			sourceTree = "<group>";
		};
		387FBB052C87038F00A5E139 /* Resources */ = {
			isa = PBXGroup;
			children = (
				387FBAF82C8702C200A5E139 /* Assets.xcassets */,
				387FBAFA2C8702C200A5E139 /* LaunchScreen.storyboard */,
				388DA1002C8F538400A9DD56 /* PretendardVariable.ttf */,
				387FBB152C87044700A5E139 /* Develop */,
				387FBB062C8703F600A5E139 /* Production */,
			);
			path = Resources;
			sourceTree = "<group>";
		};
		387FBB062C8703F600A5E139 /* Production */ = {
			isa = PBXGroup;
			children = (
				387FBAFD2C8702C200A5E139 /* Info-prod.plist */,
			);
			path = Production;
			sourceTree = "<group>";
		};
		387FBB152C87044700A5E139 /* Develop */ = {
			isa = PBXGroup;
			children = (
				388DCC382C8707C200DC5329 /* Info-dev.plist */,
			);
			path = Develop;
			sourceTree = "<group>";
		};
		388371F62C8C8E7F004212EB /* DesignSystem */ = {
			isa = PBXGroup;
			children = (
				38CE94BD2C904D140004B238 /* Components */,
				388371F72C8C8E8C004212EB /* Foundations */,
			);
			path = DesignSystem;
			sourceTree = "<group>";
		};
		388371F72C8C8E8C004212EB /* Foundations */ = {
			isa = PBXGroup;
			children = (
				388371F82C8C8EB1004212EB /* SooumStyle.swift */,
				388371FB2C8C8F11004212EB /* UIColor+SOOUM.swift */,
				38A5D1532C8CB11E00B68363 /* UIImage+SOOUM.swift */,
				388DA1032C8F545E00A9DD56 /* Typography+SOOUM.swift */,
			);
			path = Foundations;
			sourceTree = "<group>";
		};
		388371FE2C8C8FAC004212EB /* Extensions */ = {
			isa = PBXGroup;
			children = (
				388371FF2C8C8FC2004212EB /* Cocoa */,
			);
			path = Extensions;
			sourceTree = "<group>";
		};
		388371FF2C8C8FC2004212EB /* Cocoa */ = {
			isa = PBXGroup;
			children = (
				388372002C8C8FCF004212EB /* UIColor.swift */,
				388DA0FD2C8F526C00A9DD56 /* UIFont.swift */,
			);
			path = Cocoa;
			sourceTree = "<group>";
		};
		38CE94BD2C904D140004B238 /* Components */ = {
			isa = PBXGroup;
			children = (
				2A048E792C9BDF1000FFD485 /* SOMLocationFilter */,
				38ED2AB32C985AB400920B53 /* SOMHomeTabBar */,
				385053502C92DBCA00C80B02 /* SOMTabBarController */,
				38CE94BE2C904D460004B238 /* SOMNavigationBar.swift */,
			);
			path = Components;
			sourceTree = "<group>";
		};
		38CE94C22C904E4A0004B238 /* Frameworks */ = {
			isa = PBXGroup;
			children = (
			);
			name = Frameworks;
			sourceTree = "<group>";
		};
		38ED2AB32C985AB400920B53 /* SOMHomeTabBar */ = {
			isa = PBXGroup;
			children = (
				38ED2AB12C985AB400920B53 /* SOMHomeTabBar.swift */,
				38ED2AB22C985AB400920B53 /* SOMHomeTabBarItem.swift */,
			);
			path = SOMHomeTabBar;
			sourceTree = "<group>";
		};
		38FDC2B42C9E745B00C094C2 /* Base */ = {
			isa = PBXGroup;
			children = (
				38FDC2B52C9E746B00C094C2 /* BaseViewController.swift */,
				38FDC2C62C9E764300C094C2 /* BaseNavigationViewController.swift */,
			);
			path = Base;
			sourceTree = "<group>";
		};
/* End PBXGroup section */

/* Begin PBXNativeTarget section */
		3854418E2C870544004E2BB0 /* SOOUM-Dev */ = {
			isa = PBXNativeTarget;
			buildConfigurationList = 385441972C870544004E2BB0 /* Build configuration list for PBXNativeTarget "SOOUM-Dev" */;
			buildPhases = (
				381FBAB22C8C6DFC004354C3 /* Run SwiftLint AutoCorrection */,
				3854418F2C870544004E2BB0 /* Sources */,
				381FBAB32C8C6FE9004354C3 /* Run SwiftLint Linting */,
				385441932C870544004E2BB0 /* Frameworks */,
				385441942C870544004E2BB0 /* Resources */,
			);
			buildRules = (
			);
			dependencies = (
			);
			name = "SOOUM-Dev";
			packageProductDependencies = (
				38CE94C32C904E4A0004B238 /* SnapKit */,
				38CE94CA2C904E990004B238 /* Then */,
				38FDC2C02C9E74B700C094C2 /* RxCocoa */,
				38FDC2C22C9E74B700C094C2 /* RxSwift */,
				38FDC2C42C9E74B700C094C2 /* RxKeyboard */,
			);
			productName = SOOUM;
			productReference = 3854419A2C870544004E2BB0 /* SOOUM-Dev.app */;
			productType = "com.apple.product-type.application";
		};
		387FBAEB2C8702C100A5E139 /* SOOUM */ = {
			isa = PBXNativeTarget;
			buildConfigurationList = 387FBB002C8702C200A5E139 /* Build configuration list for PBXNativeTarget "SOOUM" */;
			buildPhases = (
				387FBAE82C8702C100A5E139 /* Sources */,
				387FBAE92C8702C100A5E139 /* Frameworks */,
				387FBAEA2C8702C100A5E139 /* Resources */,
			);
			buildRules = (
			);
			dependencies = (
			);
			name = SOOUM;
			packageProductDependencies = (
				38CE94C52C904E5E0004B238 /* SnapKit */,
				38CE94C82C904E940004B238 /* Then */,
				38FDC2BA2C9E74AD00C094C2 /* RxCocoa */,
				38FDC2BC2C9E74AD00C094C2 /* RxSwift */,
				38FDC2BE2C9E74AD00C094C2 /* RxKeyboard */,
			);
			productName = SOOUM;
			productReference = 387FBAEC2C8702C100A5E139 /* SOOUM.app */;
			productType = "com.apple.product-type.application";
		};
/* End PBXNativeTarget section */

/* Begin PBXProject section */
		387FBAE42C8702C100A5E139 /* Project object */ = {
			isa = PBXProject;
			attributes = {
				BuildIndependentTargetsInParallel = 1;
				LastSwiftUpdateCheck = 1530;
				LastUpgradeCheck = 1530;
				TargetAttributes = {
					387FBAEB2C8702C100A5E139 = {
						CreatedOnToolsVersion = 15.3;
					};
				};
			};
			buildConfigurationList = 387FBAE72C8702C100A5E139 /* Build configuration list for PBXProject "SOOUM" */;
			compatibilityVersion = "Xcode 14.0";
			developmentRegion = en;
			hasScannedForEncodings = 0;
			knownRegions = (
				en,
				Base,
			);
			mainGroup = 387FBAE32C8702C100A5E139;
			packageReferences = (
				38D8EFDE2C8C3FFE00C059F4 /* XCRemoteSwiftPackageReference "SwiftLintPlugins" */,
				38CE94C12C904E190004B238 /* XCRemoteSwiftPackageReference "SnapKit" */,
				38CE94C72C904E8B0004B238 /* XCRemoteSwiftPackageReference "Then" */,
				38FDC2B82C9E749300C094C2 /* XCRemoteSwiftPackageReference "RxSwift" */,
				38FDC2B92C9E749E00C094C2 /* XCRemoteSwiftPackageReference "RxKeyboard" */,
			);
			productRefGroup = 387FBAED2C8702C100A5E139 /* Products */;
			projectDirPath = "";
			projectRoot = "";
			targets = (
				387FBAEB2C8702C100A5E139 /* SOOUM */,
				3854418E2C870544004E2BB0 /* SOOUM-Dev */,
			);
		};
/* End PBXProject section */

/* Begin PBXResourcesBuildPhase section */
		385441942C870544004E2BB0 /* Resources */ = {
			isa = PBXResourcesBuildPhase;
			buildActionMask = 2147483647;
			files = (
				385441952C870544004E2BB0 /* Assets.xcassets in Resources */,
				385441962C870544004E2BB0 /* Base in Resources */,
				388DA1022C8F538400A9DD56 /* PretendardVariable.ttf in Resources */,
			);
			runOnlyForDeploymentPostprocessing = 0;
		};
		387FBAEA2C8702C100A5E139 /* Resources */ = {
			isa = PBXResourcesBuildPhase;
			buildActionMask = 2147483647;
			files = (
				387FBAF92C8702C200A5E139 /* Assets.xcassets in Resources */,
				387FBAFC2C8702C200A5E139 /* Base in Resources */,
				388DA1012C8F538400A9DD56 /* PretendardVariable.ttf in Resources */,
			);
			runOnlyForDeploymentPostprocessing = 0;
		};
/* End PBXResourcesBuildPhase section */

/* Begin PBXShellScriptBuildPhase section */
		381FBAB22C8C6DFC004354C3 /* Run SwiftLint AutoCorrection */ = {
			isa = PBXShellScriptBuildPhase;
			alwaysOutOfDate = 1;
			buildActionMask = 2147483647;
			files = (
			);
			inputFileListPaths = (
			);
			inputPaths = (
			);
			name = "Run SwiftLint AutoCorrection";
			outputFileListPaths = (
			);
			outputPaths = (
			);
			runOnlyForDeploymentPostprocessing = 0;
			shellPath = /bin/sh;
			shellScript = "# Type a script or drag a script file from your workspace to insert its path.\nSWIFT_PACKAGE_DIR=\"${BUILD_DIR%Build/*}SourcePackages/artifacts\"\nSWIFTLINT_CMD=$(ls \"$SWIFT_PACKAGE_DIR\"/swiftlintplugins/SwiftLintBinary/SwiftLintBinary.artifactbundle/swiftlint-*/bin/swiftlint | head -n 1)\n\nif test -f \"$SWIFTLINT_CMD\" 2>&1\nthen\n    \"$SWIFTLINT_CMD\" --fix\nelse\n    echo \"warning: `swiftlint` command not found - See https://github.com/realm/SwiftLint#installation for installation instructions.\"\nfi\n";
		};
		381FBAB32C8C6FE9004354C3 /* Run SwiftLint Linting */ = {
			isa = PBXShellScriptBuildPhase;
			alwaysOutOfDate = 1;
			buildActionMask = 2147483647;
			files = (
			);
			inputFileListPaths = (
			);
			inputPaths = (
			);
			name = "Run SwiftLint Linting";
			outputFileListPaths = (
			);
			outputPaths = (
			);
			runOnlyForDeploymentPostprocessing = 0;
			shellPath = /bin/sh;
			shellScript = "# Type a script or drag a script file from your workspace to insert its path.\nSWIFT_PACKAGE_DIR=\"${BUILD_DIR%Build/*}SourcePackages/artifacts\"\nSWIFTLINT_CMD=$(ls \"$SWIFT_PACKAGE_DIR\"/swiftlintplugins/SwiftLintBinary/SwiftLintBinary.artifactbundle/swiftlint-*/bin/swiftlint | head -n 1)\n\nif test -f \"$SWIFTLINT_CMD\" 2>&1\nthen\n    \"$SWIFTLINT_CMD\"\nelse\n    echo \"warning: `swiftlint` command not found - See https://github.com/realm/SwiftLint#installation for installation instructions.\"\nfi\n";
		};
/* End PBXShellScriptBuildPhase section */

/* Begin PBXSourcesBuildPhase section */
		3854418F2C870544004E2BB0 /* Sources */ = {
			isa = PBXSourcesBuildPhase;
			buildActionMask = 2147483647;
			files = (
				3836ACB52C8F045300A3C566 /* Typography.swift in Sources */,
				2A048E852C9BE01300FFD485 /* SOMLocationFilterCollectionViewCell.swift in Sources */,
				388371FA2C8C8EB1004212EB /* SooumStyle.swift in Sources */,
				388DA0FC2C8F521300A9DD56 /* FontContainer.swift in Sources */,
				385053592C92DD2300C80B02 /* SOMTabBarController.swift in Sources */,
				38FDC2B72C9E746B00C094C2 /* BaseViewController.swift in Sources */,
				3836ACB82C8F04CD00A3C566 /* UILabel+Observer.swift in Sources */,
				38ED2AB72C985AB400920B53 /* SOMHomeTabBarItem.swift in Sources */,
				388371FD2C8C8F11004212EB /* UIColor+SOOUM.swift in Sources */,
				38CE94C02C904D460004B238 /* SOMNavigationBar.swift in Sources */,
				385441912C870544004E2BB0 /* AppDelegate.swift in Sources */,
				38FDC2C82C9E764300C094C2 /* BaseNavigationViewController.swift in Sources */,
				38ED2AB52C985AB400920B53 /* SOMHomeTabBar.swift in Sources */,
				388DA0FF2C8F526C00A9DD56 /* UIFont.swift in Sources */,
				3836ACBB2C8F050D00A3C566 /* UILabel+Typography.swift in Sources */,
				385053562C92DCF900C80B02 /* SOMTabBar.swift in Sources */,
				385441922C870544004E2BB0 /* SceneDelegate.swift in Sources */,
				2A048E7C2C9BDF5F00FFD485 /* SOMLocationFilter.swift in Sources */,
				388372022C8C8FCF004212EB /* UIColor.swift in Sources */,
				388DA1052C8F545E00A9DD56 /* Typography+SOOUM.swift in Sources */,
				385053532C92DBE200C80B02 /* SOMTabBarItem.swift in Sources */,
				38A5D1552C8CB12300B68363 /* UIImage+SOOUM.swift in Sources */,
			);
			runOnlyForDeploymentPostprocessing = 0;
		};
		387FBAE82C8702C100A5E139 /* Sources */ = {
			isa = PBXSourcesBuildPhase;
			buildActionMask = 2147483647;
			files = (
				3836ACB42C8F045300A3C566 /* Typography.swift in Sources */,
				2A048E842C9BE01300FFD485 /* SOMLocationFilterCollectionViewCell.swift in Sources */,
				388371F92C8C8EB1004212EB /* SooumStyle.swift in Sources */,
				388DA0FB2C8F521000A9DD56 /* FontContainer.swift in Sources */,
				385053582C92DD2300C80B02 /* SOMTabBarController.swift in Sources */,
				38FDC2B62C9E746B00C094C2 /* BaseViewController.swift in Sources */,
				3836ACB72C8F04CD00A3C566 /* UILabel+Observer.swift in Sources */,
				38ED2AB62C985AB400920B53 /* SOMHomeTabBarItem.swift in Sources */,
				388371FC2C8C8F11004212EB /* UIColor+SOOUM.swift in Sources */,
				38CE94BF2C904D460004B238 /* SOMNavigationBar.swift in Sources */,
				387FBAF02C8702C100A5E139 /* AppDelegate.swift in Sources */,
				38FDC2C72C9E764300C094C2 /* BaseNavigationViewController.swift in Sources */,
				38ED2AB42C985AB400920B53 /* SOMHomeTabBar.swift in Sources */,
				388DA0FE2C8F526C00A9DD56 /* UIFont.swift in Sources */,
				3836ACBA2C8F050D00A3C566 /* UILabel+Typography.swift in Sources */,
				385053552C92DCF900C80B02 /* SOMTabBar.swift in Sources */,
				387FBAF22C8702C100A5E139 /* SceneDelegate.swift in Sources */,
				2A048E7B2C9BDF5F00FFD485 /* SOMLocationFilter.swift in Sources */,
				388372012C8C8FCF004212EB /* UIColor.swift in Sources */,
				388DA1042C8F545E00A9DD56 /* Typography+SOOUM.swift in Sources */,
				385053522C92DBE200C80B02 /* SOMTabBarItem.swift in Sources */,
				38A5D1542C8CB11E00B68363 /* UIImage+SOOUM.swift in Sources */,
			);
			runOnlyForDeploymentPostprocessing = 0;
		};
/* End PBXSourcesBuildPhase section */

/* Begin PBXVariantGroup section */
		387FBAFA2C8702C200A5E139 /* LaunchScreen.storyboard */ = {
			isa = PBXVariantGroup;
			children = (
				387FBAFB2C8702C200A5E139 /* Base */,
			);
			name = LaunchScreen.storyboard;
			sourceTree = "<group>";
		};
/* End PBXVariantGroup section */

/* Begin XCBuildConfiguration section */
		385441982C870544004E2BB0 /* Debug */ = {
			isa = XCBuildConfiguration;
			buildSettings = {
				ASSETCATALOG_COMPILER_APPICON_NAME = AppIcon;
				ASSETCATALOG_COMPILER_GLOBAL_ACCENT_COLOR_NAME = AccentColor;
				CODE_SIGN_STYLE = Automatic;
				CURRENT_PROJECT_VERSION = 1;
				GENERATE_INFOPLIST_FILE = YES;
				INFOPLIST_FILE = "SOOUM/Resources/Develop/Info-dev.plist";
				INFOPLIST_KEY_UIApplicationSupportsIndirectInputEvents = YES;
				INFOPLIST_KEY_UILaunchStoryboardName = LaunchScreen;
				INFOPLIST_KEY_UIStatusBarStyle = UIStatusBarStyleLightContent;
				INFOPLIST_KEY_UISupportedInterfaceOrientations = UIInterfaceOrientationPortrait;
				IPHONEOS_DEPLOYMENT_TARGET = 15.0;
				LD_RUNPATH_SEARCH_PATHS = (
					"$(inherited)",
					"@executable_path/Frameworks",
				);
				MARKETING_VERSION = 1.0;
				PRODUCT_BUNDLE_IDENTIFIER = com.sooum.dev;
				PRODUCT_NAME = "$(TARGET_NAME)";
				SOOUM_DISPLAY_NAME = "[D]SOOUM";
				SWIFT_EMIT_LOC_STRINGS = YES;
				SWIFT_VERSION = 5.0;
				TARGETED_DEVICE_FAMILY = "1,2";
			};
			name = Debug;
		};
		385441992C870544004E2BB0 /* Release */ = {
			isa = XCBuildConfiguration;
			buildSettings = {
				ASSETCATALOG_COMPILER_APPICON_NAME = AppIcon;
				ASSETCATALOG_COMPILER_GLOBAL_ACCENT_COLOR_NAME = AccentColor;
				CODE_SIGN_STYLE = Automatic;
				CURRENT_PROJECT_VERSION = 1;
				GENERATE_INFOPLIST_FILE = YES;
				INFOPLIST_FILE = "SOOUM/Resources/Develop/Info-dev.plist";
				INFOPLIST_KEY_UIApplicationSupportsIndirectInputEvents = YES;
				INFOPLIST_KEY_UILaunchStoryboardName = LaunchScreen;
				INFOPLIST_KEY_UIStatusBarStyle = UIStatusBarStyleLightContent;
				INFOPLIST_KEY_UISupportedInterfaceOrientations = UIInterfaceOrientationPortrait;
				IPHONEOS_DEPLOYMENT_TARGET = 15.0;
				LD_RUNPATH_SEARCH_PATHS = (
					"$(inherited)",
					"@executable_path/Frameworks",
				);
				MARKETING_VERSION = 1.0;
				PRODUCT_BUNDLE_IDENTIFIER = com.sooum.dev;
				PRODUCT_NAME = "$(TARGET_NAME)";
				SOOUM_DISPLAY_NAME = "[D]SOOUM";
				SWIFT_EMIT_LOC_STRINGS = YES;
				SWIFT_VERSION = 5.0;
				TARGETED_DEVICE_FAMILY = "1,2";
			};
			name = Release;
		};
		387FBAFE2C8702C200A5E139 /* Debug */ = {
			isa = XCBuildConfiguration;
			buildSettings = {
				ALWAYS_SEARCH_USER_PATHS = NO;
				ASSETCATALOG_COMPILER_GENERATE_SWIFT_ASSET_SYMBOL_EXTENSIONS = YES;
				CLANG_ANALYZER_NONNULL = YES;
				CLANG_ANALYZER_NUMBER_OBJECT_CONVERSION = YES_AGGRESSIVE;
				CLANG_CXX_LANGUAGE_STANDARD = "gnu++20";
				CLANG_ENABLE_MODULES = YES;
				CLANG_ENABLE_OBJC_ARC = YES;
				CLANG_ENABLE_OBJC_WEAK = YES;
				CLANG_WARN_BLOCK_CAPTURE_AUTORELEASING = YES;
				CLANG_WARN_BOOL_CONVERSION = YES;
				CLANG_WARN_COMMA = YES;
				CLANG_WARN_CONSTANT_CONVERSION = YES;
				CLANG_WARN_DEPRECATED_OBJC_IMPLEMENTATIONS = YES;
				CLANG_WARN_DIRECT_OBJC_ISA_USAGE = YES_ERROR;
				CLANG_WARN_DOCUMENTATION_COMMENTS = YES;
				CLANG_WARN_EMPTY_BODY = YES;
				CLANG_WARN_ENUM_CONVERSION = YES;
				CLANG_WARN_INFINITE_RECURSION = YES;
				CLANG_WARN_INT_CONVERSION = YES;
				CLANG_WARN_NON_LITERAL_NULL_CONVERSION = YES;
				CLANG_WARN_OBJC_IMPLICIT_RETAIN_SELF = YES;
				CLANG_WARN_OBJC_LITERAL_CONVERSION = YES;
				CLANG_WARN_OBJC_ROOT_CLASS = YES_ERROR;
				CLANG_WARN_QUOTED_INCLUDE_IN_FRAMEWORK_HEADER = YES;
				CLANG_WARN_RANGE_LOOP_ANALYSIS = YES;
				CLANG_WARN_STRICT_PROTOTYPES = YES;
				CLANG_WARN_SUSPICIOUS_MOVE = YES;
				CLANG_WARN_UNGUARDED_AVAILABILITY = YES_AGGRESSIVE;
				CLANG_WARN_UNREACHABLE_CODE = YES;
				CLANG_WARN__DUPLICATE_METHOD_MATCH = YES;
				COPY_PHASE_STRIP = NO;
				DEBUG_INFORMATION_FORMAT = dwarf;
				ENABLE_STRICT_OBJC_MSGSEND = YES;
				ENABLE_TESTABILITY = YES;
				ENABLE_USER_SCRIPT_SANDBOXING = NO;
				GCC_C_LANGUAGE_STANDARD = gnu17;
				GCC_DYNAMIC_NO_PIC = NO;
				GCC_NO_COMMON_BLOCKS = YES;
				GCC_OPTIMIZATION_LEVEL = 0;
				GCC_PREPROCESSOR_DEFINITIONS = (
					"DEBUG=1",
					"$(inherited)",
				);
				GCC_WARN_64_TO_32_BIT_CONVERSION = YES;
				GCC_WARN_ABOUT_RETURN_TYPE = YES_ERROR;
				GCC_WARN_UNDECLARED_SELECTOR = YES;
				GCC_WARN_UNINITIALIZED_AUTOS = YES_AGGRESSIVE;
				GCC_WARN_UNUSED_FUNCTION = YES;
				GCC_WARN_UNUSED_VARIABLE = YES;
				IPHONEOS_DEPLOYMENT_TARGET = 15.0;
				LOCALIZATION_PREFERS_STRING_CATALOGS = YES;
				MTL_ENABLE_DEBUG_INFO = INCLUDE_SOURCE;
				MTL_FAST_MATH = YES;
				ONLY_ACTIVE_ARCH = YES;
				SDKROOT = iphoneos;
				SOOUM_DISPLAY_NAME = "";
				SWIFT_ACTIVE_COMPILATION_CONDITIONS = "DEBUG $(inherited)";
				SWIFT_OPTIMIZATION_LEVEL = "-Onone";
			};
			name = Debug;
		};
		387FBAFF2C8702C200A5E139 /* Release */ = {
			isa = XCBuildConfiguration;
			buildSettings = {
				ALWAYS_SEARCH_USER_PATHS = NO;
				ASSETCATALOG_COMPILER_GENERATE_SWIFT_ASSET_SYMBOL_EXTENSIONS = YES;
				CLANG_ANALYZER_NONNULL = YES;
				CLANG_ANALYZER_NUMBER_OBJECT_CONVERSION = YES_AGGRESSIVE;
				CLANG_CXX_LANGUAGE_STANDARD = "gnu++20";
				CLANG_ENABLE_MODULES = YES;
				CLANG_ENABLE_OBJC_ARC = YES;
				CLANG_ENABLE_OBJC_WEAK = YES;
				CLANG_WARN_BLOCK_CAPTURE_AUTORELEASING = YES;
				CLANG_WARN_BOOL_CONVERSION = YES;
				CLANG_WARN_COMMA = YES;
				CLANG_WARN_CONSTANT_CONVERSION = YES;
				CLANG_WARN_DEPRECATED_OBJC_IMPLEMENTATIONS = YES;
				CLANG_WARN_DIRECT_OBJC_ISA_USAGE = YES_ERROR;
				CLANG_WARN_DOCUMENTATION_COMMENTS = YES;
				CLANG_WARN_EMPTY_BODY = YES;
				CLANG_WARN_ENUM_CONVERSION = YES;
				CLANG_WARN_INFINITE_RECURSION = YES;
				CLANG_WARN_INT_CONVERSION = YES;
				CLANG_WARN_NON_LITERAL_NULL_CONVERSION = YES;
				CLANG_WARN_OBJC_IMPLICIT_RETAIN_SELF = YES;
				CLANG_WARN_OBJC_LITERAL_CONVERSION = YES;
				CLANG_WARN_OBJC_ROOT_CLASS = YES_ERROR;
				CLANG_WARN_QUOTED_INCLUDE_IN_FRAMEWORK_HEADER = YES;
				CLANG_WARN_RANGE_LOOP_ANALYSIS = YES;
				CLANG_WARN_STRICT_PROTOTYPES = YES;
				CLANG_WARN_SUSPICIOUS_MOVE = YES;
				CLANG_WARN_UNGUARDED_AVAILABILITY = YES_AGGRESSIVE;
				CLANG_WARN_UNREACHABLE_CODE = YES;
				CLANG_WARN__DUPLICATE_METHOD_MATCH = YES;
				COPY_PHASE_STRIP = NO;
				DEBUG_INFORMATION_FORMAT = "dwarf-with-dsym";
				ENABLE_NS_ASSERTIONS = NO;
				ENABLE_STRICT_OBJC_MSGSEND = YES;
				ENABLE_USER_SCRIPT_SANDBOXING = NO;
				GCC_C_LANGUAGE_STANDARD = gnu17;
				GCC_NO_COMMON_BLOCKS = YES;
				GCC_WARN_64_TO_32_BIT_CONVERSION = YES;
				GCC_WARN_ABOUT_RETURN_TYPE = YES_ERROR;
				GCC_WARN_UNDECLARED_SELECTOR = YES;
				GCC_WARN_UNINITIALIZED_AUTOS = YES_AGGRESSIVE;
				GCC_WARN_UNUSED_FUNCTION = YES;
				GCC_WARN_UNUSED_VARIABLE = YES;
				IPHONEOS_DEPLOYMENT_TARGET = 15.0;
				LOCALIZATION_PREFERS_STRING_CATALOGS = YES;
				MTL_ENABLE_DEBUG_INFO = NO;
				MTL_FAST_MATH = YES;
				SDKROOT = iphoneos;
				SOOUM_DISPLAY_NAME = "";
				SWIFT_COMPILATION_MODE = wholemodule;
				VALIDATE_PRODUCT = YES;
			};
			name = Release;
		};
		387FBB012C8702C200A5E139 /* Debug */ = {
			isa = XCBuildConfiguration;
			buildSettings = {
				ASSETCATALOG_COMPILER_APPICON_NAME = AppIcon;
				ASSETCATALOG_COMPILER_GLOBAL_ACCENT_COLOR_NAME = AccentColor;
				CODE_SIGN_STYLE = Automatic;
				CURRENT_PROJECT_VERSION = 1;
				GENERATE_INFOPLIST_FILE = YES;
				INFOPLIST_FILE = "SOOUM/Resources/Production/Info-prod.plist";
				INFOPLIST_KEY_UIApplicationSupportsIndirectInputEvents = YES;
				INFOPLIST_KEY_UILaunchStoryboardName = LaunchScreen;
				INFOPLIST_KEY_UIStatusBarStyle = UIStatusBarStyleLightContent;
				INFOPLIST_KEY_UISupportedInterfaceOrientations = UIInterfaceOrientationPortrait;
				IPHONEOS_DEPLOYMENT_TARGET = 15.0;
				LD_RUNPATH_SEARCH_PATHS = (
					"$(inherited)",
					"@executable_path/Frameworks",
				);
				MARKETING_VERSION = 1.0;
				PRODUCT_BUNDLE_IDENTIFIER = com.sooum.prod;
				PRODUCT_NAME = "$(TARGET_NAME)";
				SOOUM_DISPLAY_NAME = SOOUM;
				SWIFT_EMIT_LOC_STRINGS = YES;
				SWIFT_VERSION = 5.0;
				TARGETED_DEVICE_FAMILY = "1,2";
			};
			name = Debug;
		};
		387FBB022C8702C200A5E139 /* Release */ = {
			isa = XCBuildConfiguration;
			buildSettings = {
				ASSETCATALOG_COMPILER_APPICON_NAME = AppIcon;
				ASSETCATALOG_COMPILER_GLOBAL_ACCENT_COLOR_NAME = AccentColor;
				CODE_SIGN_STYLE = Automatic;
				CURRENT_PROJECT_VERSION = 1;
				GENERATE_INFOPLIST_FILE = YES;
				INFOPLIST_FILE = "SOOUM/Resources/Production/Info-prod.plist";
				INFOPLIST_KEY_UIApplicationSupportsIndirectInputEvents = YES;
				INFOPLIST_KEY_UILaunchStoryboardName = LaunchScreen;
				INFOPLIST_KEY_UIStatusBarStyle = UIStatusBarStyleLightContent;
				INFOPLIST_KEY_UISupportedInterfaceOrientations = UIInterfaceOrientationPortrait;
				IPHONEOS_DEPLOYMENT_TARGET = 15.0;
				LD_RUNPATH_SEARCH_PATHS = (
					"$(inherited)",
					"@executable_path/Frameworks",
				);
				MARKETING_VERSION = 1.0;
				PRODUCT_BUNDLE_IDENTIFIER = com.sooum.prod;
				PRODUCT_NAME = "$(TARGET_NAME)";
				SOOUM_DISPLAY_NAME = SOOUM;
				SWIFT_EMIT_LOC_STRINGS = YES;
				SWIFT_VERSION = 5.0;
				TARGETED_DEVICE_FAMILY = "1,2";
			};
			name = Release;
		};
/* End XCBuildConfiguration section */

/* Begin XCConfigurationList section */
		385441972C870544004E2BB0 /* Build configuration list for PBXNativeTarget "SOOUM-Dev" */ = {
			isa = XCConfigurationList;
			buildConfigurations = (
				385441982C870544004E2BB0 /* Debug */,
				385441992C870544004E2BB0 /* Release */,
			);
			defaultConfigurationIsVisible = 0;
			defaultConfigurationName = Release;
		};
		387FBAE72C8702C100A5E139 /* Build configuration list for PBXProject "SOOUM" */ = {
			isa = XCConfigurationList;
			buildConfigurations = (
				387FBAFE2C8702C200A5E139 /* Debug */,
				387FBAFF2C8702C200A5E139 /* Release */,
			);
			defaultConfigurationIsVisible = 0;
			defaultConfigurationName = Release;
		};
		387FBB002C8702C200A5E139 /* Build configuration list for PBXNativeTarget "SOOUM" */ = {
			isa = XCConfigurationList;
			buildConfigurations = (
				387FBB012C8702C200A5E139 /* Debug */,
				387FBB022C8702C200A5E139 /* Release */,
			);
			defaultConfigurationIsVisible = 0;
			defaultConfigurationName = Release;
		};
/* End XCConfigurationList section */

/* Begin XCRemoteSwiftPackageReference section */
		38CE94C12C904E190004B238 /* XCRemoteSwiftPackageReference "SnapKit" */ = {
			isa = XCRemoteSwiftPackageReference;
			repositoryURL = "https://github.com/SnapKit/SnapKit.git";
			requirement = {
				kind = upToNextMajorVersion;
				minimumVersion = 5.7.1;
			};
		};
		38CE94C72C904E8B0004B238 /* XCRemoteSwiftPackageReference "Then" */ = {
			isa = XCRemoteSwiftPackageReference;
			repositoryURL = "https://github.com/devxoul/Then";
			requirement = {
				kind = upToNextMajorVersion;
				minimumVersion = 3.0.0;
			};
		};
		38D8EFDE2C8C3FFE00C059F4 /* XCRemoteSwiftPackageReference "SwiftLintPlugins" */ = {
			isa = XCRemoteSwiftPackageReference;
			repositoryURL = "https://github.com/SimplyDanny/SwiftLintPlugins";
			requirement = {
				kind = upToNextMajorVersion;
				minimumVersion = 0.56.2;
			};
		};
		38FDC2B82C9E749300C094C2 /* XCRemoteSwiftPackageReference "RxSwift" */ = {
			isa = XCRemoteSwiftPackageReference;
			repositoryURL = "https://github.com/ReactiveX/RxSwift.git";
			requirement = {
				kind = upToNextMajorVersion;
				minimumVersion = 6.7.1;
			};
		};
		38FDC2B92C9E749E00C094C2 /* XCRemoteSwiftPackageReference "RxKeyboard" */ = {
			isa = XCRemoteSwiftPackageReference;
			repositoryURL = "https://github.com/RxSwiftCommunity/RxKeyboard";
			requirement = {
				kind = upToNextMajorVersion;
				minimumVersion = 2.0.1;
			};
		};
/* End XCRemoteSwiftPackageReference section */

/* Begin XCSwiftPackageProductDependency section */
		38CE94C32C904E4A0004B238 /* SnapKit */ = {
			isa = XCSwiftPackageProductDependency;
			package = 38CE94C12C904E190004B238 /* XCRemoteSwiftPackageReference "SnapKit" */;
			productName = SnapKit;
		};
		38CE94C52C904E5E0004B238 /* SnapKit */ = {
			isa = XCSwiftPackageProductDependency;
			package = 38CE94C12C904E190004B238 /* XCRemoteSwiftPackageReference "SnapKit" */;
			productName = SnapKit;
		};
		38CE94C82C904E940004B238 /* Then */ = {
			isa = XCSwiftPackageProductDependency;
			package = 38CE94C72C904E8B0004B238 /* XCRemoteSwiftPackageReference "Then" */;
			productName = Then;
		};
		38CE94CA2C904E990004B238 /* Then */ = {
			isa = XCSwiftPackageProductDependency;
			package = 38CE94C72C904E8B0004B238 /* XCRemoteSwiftPackageReference "Then" */;
			productName = Then;
		};
		38FDC2BA2C9E74AD00C094C2 /* RxCocoa */ = {
			isa = XCSwiftPackageProductDependency;
			package = 38FDC2B82C9E749300C094C2 /* XCRemoteSwiftPackageReference "RxSwift" */;
			productName = RxCocoa;
		};
		38FDC2BC2C9E74AD00C094C2 /* RxSwift */ = {
			isa = XCSwiftPackageProductDependency;
			package = 38FDC2B82C9E749300C094C2 /* XCRemoteSwiftPackageReference "RxSwift" */;
			productName = RxSwift;
		};
		38FDC2BE2C9E74AD00C094C2 /* RxKeyboard */ = {
			isa = XCSwiftPackageProductDependency;
			package = 38FDC2B92C9E749E00C094C2 /* XCRemoteSwiftPackageReference "RxKeyboard" */;
			productName = RxKeyboard;
		};
		38FDC2C02C9E74B700C094C2 /* RxCocoa */ = {
			isa = XCSwiftPackageProductDependency;
			package = 38FDC2B82C9E749300C094C2 /* XCRemoteSwiftPackageReference "RxSwift" */;
			productName = RxCocoa;
		};
		38FDC2C22C9E74B700C094C2 /* RxSwift */ = {
			isa = XCSwiftPackageProductDependency;
			package = 38FDC2B82C9E749300C094C2 /* XCRemoteSwiftPackageReference "RxSwift" */;
			productName = RxSwift;
		};
		38FDC2C42C9E74B700C094C2 /* RxKeyboard */ = {
			isa = XCSwiftPackageProductDependency;
			package = 38FDC2B92C9E749E00C094C2 /* XCRemoteSwiftPackageReference "RxKeyboard" */;
			productName = RxKeyboard;
		};
/* End XCSwiftPackageProductDependency section */
	};
	rootObject = 387FBAE42C8702C100A5E139 /* Project object */;
}
